
Microsoft Visual Studio Solution File, Format Version 12.00
# Visual Studio Version 17
VisualStudioVersion = 17.11.35219.272
MinimumVisualStudioVersion = 10.0.40219.1
Project("{FAE04EC0-301F-11D3-BF4B-00C04F79EFBC}") = "Upg1.3", "Upg1.3\Upg1.3.csproj", "{BA22232B-01AA-4224-8791-0CE5612B47EA}"
EndProject
Global
	GlobalSection(SolutionConfigurationPlatforms) = preSolution
		Debug|Any CPU = Debug|Any CPU
		Release|Any CPU = Release|Any CPU
	EndGlobalSection
	GlobalSection(ProjectConfigurationPlatforms) = postSolution
		{BA22232B-01AA-4224-8791-0CE5612B47EA}.Debug|Any CPU.ActiveCfg = Debug|Any CPU
		{BA22232B-01AA-4224-8791-0CE5612B47EA}.Debug|Any CPU.Build.0 = Debug|Any CPU
		{BA22232B-01AA-4224-8791-0CE5612B47EA}.Release|Any CPU.ActiveCfg = Release|Any CPU
		{BA22232B-01AA-4224-8791-0CE5612B47EA}.Release|Any CPU.Build.0 = Release|Any CPU
	EndGlobalSection
	GlobalSection(SolutionProperties) = preSolution
		HideSolutionNode = FALSE
	EndGlobalSection
	GlobalSection(ExtensibilityGlobals) = postSolution
		SolutionGuid = {7FF73CA4-0761-47E4-9C7B-893523D4AB5B}
	EndGlobalSection
EndGlobal
